
Microsoft Visual Studio Solution File, Format Version 12.00
# Visual Studio Version 16
VisualStudioVersion = 16.0.31729.503
MinimumVisualStudioVersion = 10.0.40219.1
Project("{FAE04EC0-301F-11D3-BF4B-00C04F79EFBC}") = "DeckOfCardsAPI", "DeckOfCardsAPI\DeckOfCardsAPI.csproj", "{ABC3C90E-62B0-418A-AAD9-EDA83E0BA9D9}"
EndProject
Global
	GlobalSection(SolutionConfigurationPlatforms) = preSolution
		Debug|Any CPU = Debug|Any CPU
		Release|Any CPU = Release|Any CPU
	EndGlobalSection
	GlobalSection(ProjectConfigurationPlatforms) = postSolution
		{ABC3C90E-62B0-418A-AAD9-EDA83E0BA9D9}.Debug|Any CPU.ActiveCfg = Debug|Any CPU
		{ABC3C90E-62B0-418A-AAD9-EDA83E0BA9D9}.Debug|Any CPU.Build.0 = Debug|Any CPU
		{ABC3C90E-62B0-418A-AAD9-EDA83E0BA9D9}.Release|Any CPU.ActiveCfg = Release|Any CPU
		{ABC3C90E-62B0-418A-AAD9-EDA83E0BA9D9}.Release|Any CPU.Build.0 = Release|Any CPU
	EndGlobalSection
	GlobalSection(SolutionProperties) = preSolution
		HideSolutionNode = FALSE
	EndGlobalSection
	GlobalSection(ExtensibilityGlobals) = postSolution
		SolutionGuid = {8F441BBE-6211-489B-B6DA-C21763EB9A1F}
	EndGlobalSection
EndGlobal
